
Microsoft Visual Studio Solution File, Format Version 12.00
# Visual Studio Version 17
VisualStudioVersion = 17.10.35027.167
MinimumVisualStudioVersion = 10.0.40219.1
Project("{9A19103F-16F7-4668-BE54-9A1E7A4F7556}") = "FM.HRMS", "FM.HRMS.csproj", "{3843DD01-268E-4FB9-93B1-910F9B473559}"
EndProject
Project("{FAE04EC0-301F-11D3-BF4B-00C04F79EFBC}") = "FM.HRMS.Persistance", "..\FMHRS.Persistance\FM.HRMS.Persistance.csproj", "{D549DF6D-BF80-4042-A4FC-80D6295127CC}"
EndProject
Global
	GlobalSection(SolutionConfigurationPlatforms) = preSolution
		Debug|Any CPU = Debug|Any CPU
		Release|Any CPU = Release|Any CPU
	EndGlobalSection
	GlobalSection(ProjectConfigurationPlatforms) = postSolution
		{3843DD01-268E-4FB9-93B1-910F9B473559}.Debug|Any CPU.ActiveCfg = Debug|Any CPU
		{3843DD01-268E-4FB9-93B1-910F9B473559}.Debug|Any CPU.Build.0 = Debug|Any CPU
		{3843DD01-268E-4FB9-93B1-910F9B473559}.Release|Any CPU.ActiveCfg = Release|Any CPU
		{3843DD01-268E-4FB9-93B1-910F9B473559}.Release|Any CPU.Build.0 = Release|Any CPU
		{D549DF6D-BF80-4042-A4FC-80D6295127CC}.Debug|Any CPU.ActiveCfg = Debug|Any CPU
		{D549DF6D-BF80-4042-A4FC-80D6295127CC}.Debug|Any CPU.Build.0 = Debug|Any CPU
		{D549DF6D-BF80-4042-A4FC-80D6295127CC}.Release|Any CPU.ActiveCfg = Release|Any CPU
		{D549DF6D-BF80-4042-A4FC-80D6295127CC}.Release|Any CPU.Build.0 = Release|Any CPU
	EndGlobalSection
	GlobalSection(SolutionProperties) = preSolution
		HideSolutionNode = FALSE
	EndGlobalSection
	GlobalSection(ExtensibilityGlobals) = postSolution
		SolutionGuid = {8FCDE454-913B-4600-A04B-C27231B76CE4}
	EndGlobalSection
EndGlobal
